
Microsoft Visual Studio Solution File, Format Version 12.00
# Visual Studio Version 16
VisualStudioVersion = 16.0.30114.105
MinimumVisualStudioVersion = 10.0.40219.1
Project("{FAE04EC0-301F-11D3-BF4B-00C04F79EFBC}") = "MainWindowTitle test (.Net Framework 4.8)", "MainWindowTitle test (.Net Framework 4.8)\MainWindowTitle test (.Net Framework 4.8).csproj", "{2D683213-6C4F-414E-884A-BE1F3FAD4F24}"
EndProject
Project("{9A19103F-16F7-4668-BE54-9A1E7A4F7556}") = "MainWindowTitle test (.Net Core 3.1)", "MainWindowTitle test (.Net Core 3.1)\MainWindowTitle test (.Net Core 3.1).csproj", "{A310231F-A01C-4A94-833C-C780F91A9708}"
EndProject
Project("{FAE04EC0-301F-11D3-BF4B-00C04F79EFBC}") = "MainWindowTitle test (.Net 5.0 preview 4)", "MainWindowTitle test (.Net 5.0 preview 4)\MainWindowTitle test (.Net 5.0 preview 4).csproj", "{5C459803-96C8-4753-B3F5-02F10E14783D}"
EndProject
Global
	GlobalSection(SolutionConfigurationPlatforms) = preSolution
		Debug|Any CPU = Debug|Any CPU
		Release|Any CPU = Release|Any CPU
	EndGlobalSection
	GlobalSection(ProjectConfigurationPlatforms) = postSolution
		{2D683213-6C4F-414E-884A-BE1F3FAD4F24}.Debug|Any CPU.ActiveCfg = Debug|Any CPU
		{2D683213-6C4F-414E-884A-BE1F3FAD4F24}.Debug|Any CPU.Build.0 = Debug|Any CPU
		{2D683213-6C4F-414E-884A-BE1F3FAD4F24}.Release|Any CPU.ActiveCfg = Release|Any CPU
		{2D683213-6C4F-414E-884A-BE1F3FAD4F24}.Release|Any CPU.Build.0 = Release|Any CPU
		{A310231F-A01C-4A94-833C-C780F91A9708}.Debug|Any CPU.ActiveCfg = Debug|Any CPU
		{A310231F-A01C-4A94-833C-C780F91A9708}.Debug|Any CPU.Build.0 = Debug|Any CPU
		{A310231F-A01C-4A94-833C-C780F91A9708}.Release|Any CPU.ActiveCfg = Release|Any CPU
		{A310231F-A01C-4A94-833C-C780F91A9708}.Release|Any CPU.Build.0 = Release|Any CPU
		{5C459803-96C8-4753-B3F5-02F10E14783D}.Debug|Any CPU.ActiveCfg = Debug|Any CPU
		{5C459803-96C8-4753-B3F5-02F10E14783D}.Debug|Any CPU.Build.0 = Debug|Any CPU
		{5C459803-96C8-4753-B3F5-02F10E14783D}.Release|Any CPU.ActiveCfg = Release|Any CPU
		{5C459803-96C8-4753-B3F5-02F10E14783D}.Release|Any CPU.Build.0 = Release|Any CPU
	EndGlobalSection
	GlobalSection(SolutionProperties) = preSolution
		HideSolutionNode = FALSE
	EndGlobalSection
	GlobalSection(ExtensibilityGlobals) = postSolution
		SolutionGuid = {8D531805-2DF1-4418-BA96-F96BE9AA0BDC}
	EndGlobalSection
EndGlobal
